
Microsoft Visual Studio Solution File, Format Version 12.00
# Visual Studio 15
VisualStudioVersion = 15.0.26228.4
MinimumVisualStudioVersion = 10.0.40219.1
Project("{2150E333-8FDC-42A3-9474-1A3956D46DE8}") = "src", "src", "{28417517-CA05-4924-8F33-0CE11400F296}"
EndProject
Project("{2150E333-8FDC-42A3-9474-1A3956D46DE8}") = "Solution Items", "Solution Items", "{34E5A0B6-4697-4F5F-BC3F-9DF9A019A93B}"
	ProjectSection(SolutionItems) = preProject
		LICENSE.md = LICENSE.md
		README.md = README.md
	EndProjectSection
EndProject
Project("{9A19103F-16F7-4668-BE54-9A1E7A4F7556}") = "DNTPersianUtils.Core", "src\DNTPersianUtils.Core\DNTPersianUtils.Core.csproj", "{EDEC6EA4-854B-4019-9BBB-4650E56DE69A}"
EndProject
Project("{9A19103F-16F7-4668-BE54-9A1E7A4F7556}") = "DNTPersianUtils.Core.Tests", "src\DNTPersianUtils.Core.Tests\DNTPersianUtils.Core.Tests.csproj", "{FB2FB4FF-5207-4AE9-8D61-0851F14E822E}"
EndProject
Project("{FAE04EC0-301F-11D3-BF4B-00C04F79EFBC}") = "DNTPersianUtils.Core.PerformanceTests", "src\DNTPersianUtils.Core.PerformanceTests\DNTPersianUtils.Core.PerformanceTests.csproj", "{8A5B3E1A-9CFC-4CE8-A555-AB70500DA9AD}"
EndProject
Project("{2150E333-8FDC-42A3-9474-1A3956D46DE8}") = "DNTPersianUtils.Core.BlazorWasmTests", "DNTPersianUtils.Core.BlazorWasmTests", "{FF1C1964-6074-4482-8F39-CA1464329339}"
EndProject
Project("{FAE04EC0-301F-11D3-BF4B-00C04F79EFBC}") = "DNTPersianUtils.Core.BlazorWasmTests.Client", "src\DNTPersianUtils.Core.BlazorWasmTests\Client\DNTPersianUtils.Core.BlazorWasmTests.Client.csproj", "{FC2B4650-E680-43E6-9CAD-55BA49761AB6}"
EndProject
Project("{FAE04EC0-301F-11D3-BF4B-00C04F79EFBC}") = "DNTPersianUtils.Core.BlazorWasmTests.Server", "src\DNTPersianUtils.Core.BlazorWasmTests\Server\DNTPersianUtils.Core.BlazorWasmTests.Server.csproj", "{B9767166-FADC-4B57-AE77-7B57E661E292}"
EndProject
Project("{FAE04EC0-301F-11D3-BF4B-00C04F79EFBC}") = "DNTPersianUtils.Core.BlazorWasmTests.Shared", "src\DNTPersianUtils.Core.BlazorWasmTests\Shared\DNTPersianUtils.Core.BlazorWasmTests.Shared.csproj", "{D7AEE972-1AF5-44E6-AB90-0E0888B05A7D}"
EndProject
Global
	GlobalSection(SolutionConfigurationPlatforms) = preSolution
		Debug|Any CPU = Debug|Any CPU
	EndGlobalSection
	GlobalSection(ProjectConfigurationPlatforms) = postSolution
		{EDEC6EA4-854B-4019-9BBB-4650E56DE69A}.Debug|Any CPU.ActiveCfg = Debug|Any CPU
		{EDEC6EA4-854B-4019-9BBB-4650E56DE69A}.Debug|Any CPU.Build.0 = Debug|Any CPU
		{FC2B4650-E680-43E6-9CAD-55BA49761AB6}.Debug|Any CPU.ActiveCfg = Debug|Any CPU
		{FC2B4650-E680-43E6-9CAD-55BA49761AB6}.Debug|Any CPU.Build.0 = Debug|Any CPU
		{B9767166-FADC-4B57-AE77-7B57E661E292}.Debug|Any CPU.ActiveCfg = Debug|Any CPU
		{B9767166-FADC-4B57-AE77-7B57E661E292}.Debug|Any CPU.Build.0 = Debug|Any CPU
		{D7AEE972-1AF5-44E6-AB90-0E0888B05A7D}.Debug|Any CPU.ActiveCfg = Debug|Any CPU
		{D7AEE972-1AF5-44E6-AB90-0E0888B05A7D}.Debug|Any CPU.Build.0 = Debug|Any CPU
		{8A5B3E1A-9CFC-4CE8-A555-AB70500DA9AD}.Debug|Any CPU.ActiveCfg = Debug|Any CPU
		{8A5B3E1A-9CFC-4CE8-A555-AB70500DA9AD}.Debug|Any CPU.Build.0 = Debug|Any CPU
		{FB2FB4FF-5207-4AE9-8D61-0851F14E822E}.Debug|Any CPU.ActiveCfg = Debug|Any CPU
		{FB2FB4FF-5207-4AE9-8D61-0851F14E822E}.Debug|Any CPU.Build.0 = Debug|Any CPU
	EndGlobalSection
	GlobalSection(SolutionProperties) = preSolution
		HideSolutionNode = FALSE
	EndGlobalSection
	GlobalSection(NestedProjects) = preSolution
		{EDEC6EA4-854B-4019-9BBB-4650E56DE69A} = {28417517-CA05-4924-8F33-0CE11400F296}
		{FB2FB4FF-5207-4AE9-8D61-0851F14E822E} = {28417517-CA05-4924-8F33-0CE11400F296}
		{8A5B3E1A-9CFC-4CE8-A555-AB70500DA9AD} = {28417517-CA05-4924-8F33-0CE11400F296}
		{FF1C1964-6074-4482-8F39-CA1464329339} = {28417517-CA05-4924-8F33-0CE11400F296}
		{FC2B4650-E680-43E6-9CAD-55BA49761AB6} = {FF1C1964-6074-4482-8F39-CA1464329339}
		{B9767166-FADC-4B57-AE77-7B57E661E292} = {FF1C1964-6074-4482-8F39-CA1464329339}
		{D7AEE972-1AF5-44E6-AB90-0E0888B05A7D} = {FF1C1964-6074-4482-8F39-CA1464329339}
	EndGlobalSection
EndGlobal
